
Microsoft Visual Studio Solution File, Format Version 12.00
# Visual Studio Version 17
VisualStudioVersion = 17.7.34202.233
MinimumVisualStudioVersion = 10.0.40219.1
Project("{FAE04EC0-301F-11D3-BF4B-00C04F79EFBC}") = "calendarTraining", "calendarTraining.csproj", "{6DFFC3A6-D51F-49E2-BAAA-FB6BAC9BAABD}"
EndProject
Project("{FAE04EC0-301F-11D3-BF4B-00C04F79EFBC}") = "Domain", "..\Domain\Domain.csproj", "{988D2E8C-CEBF-4256-8D15-4817E3A1EC47}"
EndProject
Project("{FAE04EC0-301F-11D3-BF4B-00C04F79EFBC}") = "DomainTest", "..\DomainTest\DomainTest.csproj", "{7BC669E7-B8C8-4739-8EE1-89560A9D11DC}"
EndProject
Global
	GlobalSection(SolutionConfigurationPlatforms) = preSolution
		Debug|Any CPU = Debug|Any CPU
		Release|Any CPU = Release|Any CPU
	EndGlobalSection
	GlobalSection(ProjectConfigurationPlatforms) = postSolution
		{6DFFC3A6-D51F-49E2-BAAA-FB6BAC9BAABD}.Debug|Any CPU.ActiveCfg = Debug|Any CPU
		{6DFFC3A6-D51F-49E2-BAAA-FB6BAC9BAABD}.Debug|Any CPU.Build.0 = Debug|Any CPU
		{6DFFC3A6-D51F-49E2-BAAA-FB6BAC9BAABD}.Release|Any CPU.ActiveCfg = Release|Any CPU
		{6DFFC3A6-D51F-49E2-BAAA-FB6BAC9BAABD}.Release|Any CPU.Build.0 = Release|Any CPU
		{988D2E8C-CEBF-4256-8D15-4817E3A1EC47}.Debug|Any CPU.ActiveCfg = Debug|Any CPU
		{988D2E8C-CEBF-4256-8D15-4817E3A1EC47}.Debug|Any CPU.Build.0 = Debug|Any CPU
		{988D2E8C-CEBF-4256-8D15-4817E3A1EC47}.Release|Any CPU.ActiveCfg = Release|Any CPU
		{988D2E8C-CEBF-4256-8D15-4817E3A1EC47}.Release|Any CPU.Build.0 = Release|Any CPU
		{7BC669E7-B8C8-4739-8EE1-89560A9D11DC}.Debug|Any CPU.ActiveCfg = Debug|Any CPU
		{7BC669E7-B8C8-4739-8EE1-89560A9D11DC}.Debug|Any CPU.Build.0 = Debug|Any CPU
		{7BC669E7-B8C8-4739-8EE1-89560A9D11DC}.Release|Any CPU.ActiveCfg = Release|Any CPU
		{7BC669E7-B8C8-4739-8EE1-89560A9D11DC}.Release|Any CPU.Build.0 = Release|Any CPU
	EndGlobalSection
	GlobalSection(SolutionProperties) = preSolution
		HideSolutionNode = FALSE
	EndGlobalSection
	GlobalSection(ExtensibilityGlobals) = postSolution
		SolutionGuid = {D8861F16-2086-4818-8E92-4804AB293C64}
	EndGlobalSection
EndGlobal
